{
  "lockfileVersion": 1,
  "configVersion": 1,
  "workspaces": {
    "": {
      "name": "@chenglou/photo-gallery",
      "devDependencies": {
        "@typescript/native-preview": "^7.0.0-dev.20260428.1",
        "oxlint": "latest",
        "oxlint-tsgolint": "latest",
        "typescript": "^6.0.2",
      },
    },
  },
  "packages": {
    "@oxlint-tsgolint/darwin-arm64": ["@oxlint-tsgolint/darwin-arm64@0.22.1", "", { "os": "darwin", "cpu": "arm64" }, "sha512-4150Lpgc1YM09GcjA6GSrra1JoPjC7aOpfywLjWEY4vW0Sd1qKzqHF1WRaiw0/qUZ40OATYdv3aRd7ipPkWQbw=="],

    "@oxlint-tsgolint/darwin-x64": ["@oxlint-tsgolint/darwin-x64@0.22.1", "", { "os": "darwin", "cpu": "x64" }, "sha512-vFWcPWYOgZs4HWcgS1EjUZg33NLcNfEYU49KGImmCfZWkflENrmBYV4HN/C0YeAPum6ZZ/goPSvQrB/cOD+NfA=="],

    "@oxlint-tsgolint/linux-arm64": ["@oxlint-tsgolint/linux-arm64@0.22.1", "", { "os": "linux", "cpu": "arm64" }, "sha512-6LiUpP0Zir3+29FvBm7Y28q/dBjSHqTZ5MhG1Ckw4fGhI4cAvbcwXaKvbjx1TP7rRmBNOoq/M5xdpHjTb+GAew=="],

    "@oxlint-tsgolint/linux-x64": ["@oxlint-tsgolint/linux-x64@0.22.1", "", { "os": "linux", "cpu": "x64" }, "sha512-fuX1hEQfpHauUbXADsfqVhRzrUrGabzGXbj5wsp2vKhV5uk/Rze8Mba9GdjFGECzvXudMGqHqxB4r6jGRdhxVA=="],

    "@oxlint-tsgolint/win32-arm64": ["@oxlint-tsgolint/win32-arm64@0.22.1", "", { "os": "win32", "cpu": "arm64" }, "sha512-8SZidAj+jrbZf9ZjBEYW0tiNZ+KasqB2zgW26qdiPpQSF/DzURnPmXz651IeA9YsmbVdHGIooEHUmev6QJdquA=="],

    "@oxlint-tsgolint/win32-x64": ["@oxlint-tsgolint/win32-x64@0.22.1", "", { "os": "win32", "cpu": "x64" }, "sha512-QweSk9H5lFh5Y+WUf2Kq/OAN88V6+62ZwGhP38gqdRotI90luXSMkruFTj7Q2rYrzH4ZVNaSqx7NY8JpSfIzqg=="],

    "@oxlint/binding-android-arm-eabi": ["@oxlint/binding-android-arm-eabi@1.62.0", "", { "os": "android", "cpu": "arm" }, "sha512-pKsthNECyvJh8lPTICz6VcwVy2jOqdhhsp1rlxCkhgZR47aKvXPmaRWQDv+zlXpRae4qm1MaaTnutkaOk5aofg=="],

    "@oxlint/binding-android-arm64": ["@oxlint/binding-android-arm64@1.62.0", "", { "os": "android", "cpu": "arm64" }, "sha512-b1AUNViByvgmR2xJDubvLIr+dSuu3uraG7bsAoKo+xrpspPvu6RIn6Fhr2JUhobfep3jwUTy18Huco6GkwdvGQ=="],

    "@oxlint/binding-darwin-arm64": ["@oxlint/binding-darwin-arm64@1.62.0", "", { "os": "darwin", "cpu": "arm64" }, "sha512-iG+Tvf70UJ6otfwFYIHk36Sjq9cpPP5YLxkoggANNRtzgi3Tj3g8q6Ybqi6AtkU3+yg9QwF7bDCkCS6bbL4PCg=="],

    "@oxlint/binding-darwin-x64": ["@oxlint/binding-darwin-x64@1.62.0", "", { "os": "darwin", "cpu": "x64" }, "sha512-oOWI6YPPr5AJUx+yIDlxmuUbQjS5gZX3OH3QisawYvsZgLiQVvZtR0rPBcJTxLWqt2ClrWg0DlSrlUiG5SQNHg=="],

    "@oxlint/binding-freebsd-x64": ["@oxlint/binding-freebsd-x64@1.62.0", "", { "os": "freebsd", "cpu": "x64" }, "sha512-dLP33T7VLCmLVv4cvjkVX+rmkcwNk2UfxmsZPNur/7BQHoQR60zJ7XLiRvNUawlzn0u8ngCa3itjEG73MAMa/w=="],

    "@oxlint/binding-linux-arm-gnueabihf": ["@oxlint/binding-linux-arm-gnueabihf@1.62.0", "", { "os": "linux", "cpu": "arm" }, "sha512-fl//LWNks6qo9chNY60UDYyIwtp7a5cEx4Y/rHPjaarhuwqx6jtbzEpD5V5AqmdL4a6Y5D8zeXg5HF2Cr0QmSQ=="],

    "@oxlint/binding-linux-arm-musleabihf": ["@oxlint/binding-linux-arm-musleabihf@1.62.0", "", { "os": "linux", "cpu": "arm" }, "sha512-i5vkAuxvueTODV3J2dL61/TXewDHhMFKvtD156cIsk7GsdfiAu7zW7kY0NJXhKeFHeiMZIh7eFNjkPYH6J47HQ=="],

    "@oxlint/binding-linux-arm64-gnu": ["@oxlint/binding-linux-arm64-gnu@1.62.0", "", { "os": "linux", "cpu": "arm64" }, "sha512-QwN19LLuIGuOjEflSeJkZmOTfBdBMlTmW8xbMf8TZhjd//cxVNYQPq75q7oKZBJc6hRx3gY7sX0Egc8cEIFZYg=="],

    "@oxlint/binding-linux-arm64-musl": ["@oxlint/binding-linux-arm64-musl@1.62.0", "", { "os": "linux", "cpu": "arm64" }, "sha512-8eCy3FCDuWUM5hWujAv6heMvfZPbcCOU3SdQUAkixZLu5bSzOkNfirJiLGoQFO943xceOKkiQRMQNzH++jM3WA=="],

    "@oxlint/binding-linux-ppc64-gnu": ["@oxlint/binding-linux-ppc64-gnu@1.62.0", "", { "os": "linux", "cpu": "ppc64" }, "sha512-NjQ7K7tpTPDe9J+yq8p/s/J0E7lRCkK2uDBDqvT4XIT6f4Z0tlnr59OBg/WcrmVHER1AbrcfyxhGTXgcG8ytWg=="],

    "@oxlint/binding-linux-riscv64-gnu": ["@oxlint/binding-linux-riscv64-gnu@1.62.0", "", { "os": "linux", "cpu": "none" }, "sha512-oKZed9gmSwze29dEt3/Wnsv6l/Ygw/FUst+8Kfpv2SGeS/glEoTGZAMQw37SVyzFV76UTHJN2snGgxK2t2+8ow=="],

    "@oxlint/binding-linux-riscv64-musl": ["@oxlint/binding-linux-riscv64-musl@1.62.0", "", { "os": "linux", "cpu": "none" }, "sha512-gBjBxQ+9lGpAYq+ELqw0w8QXsBnkZclFc7GRX2r0LnEVn3ZTEqeIKpKcGjucmp76Q53bvJD0i4qBWBhcfhSfGA=="],

    "@oxlint/binding-linux-s390x-gnu": ["@oxlint/binding-linux-s390x-gnu@1.62.0", "", { "os": "linux", "cpu": "s390x" }, "sha512-Ew2Kxs9EQ9/mbAIJ2hvocMC0wsOu6YKzStI2eFBDt+Td5O8seVC/oxgRIHqCcl5sf5ratA1nozQBAuv7tphkHg=="],

    "@oxlint/binding-linux-x64-gnu": ["@oxlint/binding-linux-x64-gnu@1.62.0", "", { "os": "linux", "cpu": "x64" }, "sha512-5z25jcAA0gfKyVwz71A0VXgaPlocPoTAxhlv/hgoK6tlCrfoNuw7haWbDHvGMfjXhdic4EqVXGRv5XsTqFnbRQ=="],

    "@oxlint/binding-linux-x64-musl": ["@oxlint/binding-linux-x64-musl@1.62.0", "", { "os": "linux", "cpu": "x64" }, "sha512-IWpHmMB6ZDllPvqWDkG6AmXrN7JF5e/c4g/0PuURsmlK+vHoYZPB70rr4u1bn3I4LsKCSpqqfveyx6UCOC8wdg=="],

    "@oxlint/binding-openharmony-arm64": ["@oxlint/binding-openharmony-arm64@1.62.0", "", { "os": "none", "cpu": "arm64" }, "sha512-fjlSxxrD5pA594vkyikCS9MnPRjQawW6/BLgyTYkO+73wwPlYjkcZ7LSd974l0Q2zkHQmu4DPvJFLYA7o8xrxQ=="],

    "@oxlint/binding-win32-arm64-msvc": ["@oxlint/binding-win32-arm64-msvc@1.62.0", "", { "os": "win32", "cpu": "arm64" }, "sha512-EiFXr8loNS0Ul3Gu80+9nr1T8jRmnKocqmHHg16tj5ZqTgUXyb97l2rrspVHdDluyFn9JfR4PoJFdNzw4paHww=="],

    "@oxlint/binding-win32-ia32-msvc": ["@oxlint/binding-win32-ia32-msvc@1.62.0", "", { "os": "win32", "cpu": "ia32" }, "sha512-IgOFvL73li1bFgab+hThXYA0N2Xms2kV2MvZN95cebV+fmrZ9AVui1JSxfeeqRLo3CpPxKZlzhyq4G0cnaAvIw=="],

    "@oxlint/binding-win32-x64-msvc": ["@oxlint/binding-win32-x64-msvc@1.62.0", "", { "os": "win32", "cpu": "x64" }, "sha512-6hMpyDWQ2zGA1OXFKBrdYMUveUCO8UJhkO6JdwZPd78xIdHZNhjx+pib+4fC2Cljuhjyl0QwA2F3df/bs4Bp6A=="],

    "@typescript/native-preview": ["@typescript/native-preview@7.0.0-dev.20260428.1", "", { "optionalDependencies": { "@typescript/native-preview-darwin-arm64": "7.0.0-dev.20260428.1", "@typescript/native-preview-darwin-x64": "7.0.0-dev.20260428.1", "@typescript/native-preview-linux-arm": "7.0.0-dev.20260428.1", "@typescript/native-preview-linux-arm64": "7.0.0-dev.20260428.1", "@typescript/native-preview-linux-x64": "7.0.0-dev.20260428.1", "@typescript/native-preview-win32-arm64": "7.0.0-dev.20260428.1", "@typescript/native-preview-win32-x64": "7.0.0-dev.20260428.1" }, "bin": { "tsgo": "bin/tsgo.js" } }, "sha512-JiM4PYWDGs57TT0mV2KArmaW7BnTkk3XRid79NdG17tfvDbRyg4hBCpKI7vARiQPtxjKrHlxyzxOGDpv5W5T7Q=="],

    "@typescript/native-preview-darwin-arm64": ["@typescript/native-preview-darwin-arm64@7.0.0-dev.20260428.1", "", { "os": "darwin", "cpu": "arm64" }, "sha512-Lll6WmXfgTEj1G3QBIoHlabQwUtJiyhlRgSLksa06QFL5BoA7V+Lu1waa9PtPNZbGsXLDMHodtk/bRQABKuPiw=="],

    "@typescript/native-preview-darwin-x64": ["@typescript/native-preview-darwin-x64@7.0.0-dev.20260428.1", "", { "os": "darwin", "cpu": "x64" }, "sha512-WbsBNSHlo+4sGrTxDWdmI7r8x48tCtSCuKdmK62FvVOq58UWAs6sL13Z4Rev4ohLcGHdXC5E/8AIdpLPqDYQpw=="],

    "@typescript/native-preview-linux-arm": ["@typescript/native-preview-linux-arm@7.0.0-dev.20260428.1", "", { "os": "linux", "cpu": "arm" }, "sha512-/d/NnZFvEJU67L5mHh+cO3gsfwNCvJ9HGtxGq1KGz1VwTabOIcwLdpTpfsAR39WXzzfh9GJHL28n6GSGZInPow=="],

    "@typescript/native-preview-linux-arm64": ["@typescript/native-preview-linux-arm64@7.0.0-dev.20260428.1", "", { "os": "linux", "cpu": "arm64" }, "sha512-cgcBX/ZBMdepkamLT8g8jQdHe7DZS/s6zTZRof6mvcrnJHlMeUnKoC9UO8/c22IrUMV3n0XPh7R8FYjUP0ll+Q=="],

    "@typescript/native-preview-linux-x64": ["@typescript/native-preview-linux-x64@7.0.0-dev.20260428.1", "", { "os": "linux", "cpu": "x64" }, "sha512-4gJCE7wzenx1BH2Vtx2uKWUo8rFxnhGkxNEH1zxbYy/6ASwo+PnOPYmKHAzNE1C3yB5lzw71/vR5p5zyO57Y4A=="],

    "@typescript/native-preview-win32-arm64": ["@typescript/native-preview-win32-arm64@7.0.0-dev.20260428.1", "", { "os": "win32", "cpu": "arm64" }, "sha512-yn6Rzbn62L4QTWrp0QgG8al6l/VG7PCPRdbE0vuGDSlKhInlC+Flo4QSc1qA8KHTbpHgl+nEsq9DymiitI4G4g=="],

    "@typescript/native-preview-win32-x64": ["@typescript/native-preview-win32-x64@7.0.0-dev.20260428.1", "", { "os": "win32", "cpu": "x64" }, "sha512-T9z13mcMowXmwGjprA2FIR2EEdYZxgqH8+qk7dFZVBlo5vfk41AN/qJfAdN7IsAhEb640MJ8cMN/aiczweZKmA=="],

    "oxlint": ["oxlint@1.62.0", "", { "optionalDependencies": { "@oxlint/binding-android-arm-eabi": "1.62.0", "@oxlint/binding-android-arm64": "1.62.0", "@oxlint/binding-darwin-arm64": "1.62.0", "@oxlint/binding-darwin-x64": "1.62.0", "@oxlint/binding-freebsd-x64": "1.62.0", "@oxlint/binding-linux-arm-gnueabihf": "1.62.0", "@oxlint/binding-linux-arm-musleabihf": "1.62.0", "@oxlint/binding-linux-arm64-gnu": "1.62.0", "@oxlint/binding-linux-arm64-musl": "1.62.0", "@oxlint/binding-linux-ppc64-gnu": "1.62.0", "@oxlint/binding-linux-riscv64-gnu": "1.62.0", "@oxlint/binding-linux-riscv64-musl": "1.62.0", "@oxlint/binding-linux-s390x-gnu": "1.62.0", "@oxlint/binding-linux-x64-gnu": "1.62.0", "@oxlint/binding-linux-x64-musl": "1.62.0", "@oxlint/binding-openharmony-arm64": "1.62.0", "@oxlint/binding-win32-arm64-msvc": "1.62.0", "@oxlint/binding-win32-ia32-msvc": "1.62.0", "@oxlint/binding-win32-x64-msvc": "1.62.0" }, "peerDependencies": { "oxlint-tsgolint": ">=0.18.0" }, "optionalPeers": ["oxlint-tsgolint"], "bin": { "oxlint": "bin/oxlint" } }, "sha512-1uFkg6HakjsGIpW9wNdeW4/2LOHW9MEkoWjZUTUfQtIHyLIZPYt00w3Sg+H3lH+206FgBPHBbW5dVE5l2ExECQ=="],

    "oxlint-tsgolint": ["oxlint-tsgolint@0.22.1", "", { "optionalDependencies": { "@oxlint-tsgolint/darwin-arm64": "0.22.1", "@oxlint-tsgolint/darwin-x64": "0.22.1", "@oxlint-tsgolint/linux-arm64": "0.22.1", "@oxlint-tsgolint/linux-x64": "0.22.1", "@oxlint-tsgolint/win32-arm64": "0.22.1", "@oxlint-tsgolint/win32-x64": "0.22.1" }, "bin": { "tsgolint": "bin/tsgolint.js" } }, "sha512-YUSGSLUnoolsu8gxISEDio3q1rtsCozwfOzASUn3DT2mR2EeQ93uEEnen7s+6LpF+lyTQFln1pQfqwBh/fsVEg=="],

    "typescript": ["typescript@6.0.3", "", { "bin": { "tsc": "bin/tsc", "tsserver": "bin/tsserver" } }, "sha512-y2TvuxSZPDyQakkFRPZHKFm+KKVqIisdg9/CZwm9ftvKXLP8NRWj38/ODjNbr43SsoXqNuAisEf1GdCxqWcdBw=="],
  }
}
